// !$*UTF8*$!
{
	archiveVersion = 1;
	classes = {
	};
	objectVersion = 46;
	objects = {

/* Begin PBXBuildFile section */
		642D56D11F705F0100FC42E5 /* README.md in Sources */ = {isa = PBXBuildFile; fileRef = 642D56CC1F705F0100FC42E5 /* README.md */; };
		642D56D21F705F0100FC42E5 /* io.cpp in Sources */ = {isa = PBXBuildFile; fileRef = 642D56CE1F705F0100FC42E5 /* io.cpp */; };
		642D56D31F705F0100FC42E5 /* strings.cpp in Sources */ = {isa = PBXBuildFile; fileRef = 642D56CF1F705F0100FC42E5 /* strings.cpp */; };
		643AD8851DDD39AC0066F9D7 /* Cocoa.framework in Frameworks */ = {isa = PBXBuildFile; fileRef = 643AD8841DDD39AC0066F9D7 /* Cocoa.framework */; };
		64AD99351DCBC20A00D07731 /* main.cpp in Sources */ = {isa = PBXBuildFile; fileRef = 64AD99281DCBC20A00D07731 /* main.cpp */; };
		64AD99361DCBC20A00D07731 /* readprocess.cpp in Sources */ = {isa = PBXBuildFile; fileRef = 64AD99291DCBC20A00D07731 /* readprocess.cpp */; };
		64AD993D1DCBD69B00D07731 /* libncurses.tbd in Frameworks */ = {isa = PBXBuildFile; fileRef = 64AD993C1DCBD69B00D07731 /* libncurses.tbd */; };
/* End PBXBuildFile section */

/* Begin PBXCopyFilesBuildPhase section */
		64AD99171DCBC19A00D07731 /* CopyFiles */ = {
			isa = PBXCopyFilesBuildPhase;
			buildActionMask = 2147483647;
			dstPath = /usr/share/man/man1/;
			dstSubfolderSpec = 0;
			files = (
			);
			runOnlyForDeploymentPostprocessing = 1;
		};
/* End PBXCopyFilesBuildPhase section */

/* Begin PBXFileReference section */
		6409FF241DCBD77500C71BB5 /* .gitignore */ = {isa = PBXFileReference; fileEncoding = 4; lastKnownFileType = text; path = .gitignore; sourceTree = "<group>"; };
		642D56CA1F705F0100FC42E5 /* .gitignore */ = {isa = PBXFileReference; fileEncoding = 4; lastKnownFileType = text; path = .gitignore; sourceTree = "<group>"; };
		642D56CB1F705F0100FC42E5 /* LICENSE */ = {isa = PBXFileReference; fileEncoding = 4; lastKnownFileType = text; path = LICENSE; sourceTree = "<group>"; };
		642D56CC1F705F0100FC42E5 /* README.md */ = {isa = PBXFileReference; fileEncoding = 4; lastKnownFileType = net.daringfireball.markdown; path = README.md; sourceTree = "<group>"; };
		642D56CE1F705F0100FC42E5 /* io.cpp */ = {isa = PBXFileReference; fileEncoding = 4; lastKnownFileType = sourcecode.cpp.cpp; path = io.cpp; sourceTree = "<group>"; };
		642D56CF1F705F0100FC42E5 /* strings.cpp */ = {isa = PBXFileReference; fileEncoding = 4; lastKnownFileType = sourcecode.cpp.cpp; path = strings.cpp; sourceTree = "<group>"; };
		642D56D01F705F0100FC42E5 /* wrestd.h */ = {isa = PBXFileReference; fileEncoding = 4; lastKnownFileType = sourcecode.c.h; path = wrestd.h; sourceTree = "<group>"; };
		643AD8841DDD39AC0066F9D7 /* Cocoa.framework */ = {isa = PBXFileReference; lastKnownFileType = wrapper.framework; name = Cocoa.framework; path = System/Library/Frameworks/Cocoa.framework; sourceTree = SDKROOT; };
		64AD99191DCBC19A00D07731 /* itti */ = {isa = PBXFileReference; explicitFileType = "compiled.mach-o.executable"; includeInIndex = 0; path = itti; sourceTree = BUILT_PRODUCTS_DIR; };
		64AD99231DCBC20A00D07731 /* LICENSE */ = {isa = PBXFileReference; fileEncoding = 4; lastKnownFileType = text; path = LICENSE; sourceTree = "<group>"; };
		64AD99251DCBC20A00D07731 /* README.md */ = {isa = PBXFileReference; fileEncoding = 4; lastKnownFileType = net.daringfireball.markdown; path = README.md; sourceTree = "<group>"; };
		64AD99271DCBC20A00D07731 /* itunescommands.h */ = {isa = PBXFileReference; fileEncoding = 4; lastKnownFileType = sourcecode.c.h; path = itunescommands.h; sourceTree = "<group>"; };
		64AD99281DCBC20A00D07731 /* main.cpp */ = {isa = PBXFileReference; fileEncoding = 4; lastKnownFileType = sourcecode.cpp.cpp; path = main.cpp; sourceTree = "<group>"; };
		64AD99291DCBC20A00D07731 /* readprocess.cpp */ = {isa = PBXFileReference; fileEncoding = 4; lastKnownFileType = sourcecode.cpp.cpp; path = readprocess.cpp; sourceTree = "<group>"; };
		64AD992A1DCBC20A00D07731 /* readprocess.h */ = {isa = PBXFileReference; fileEncoding = 4; lastKnownFileType = sourcecode.c.h; path = readprocess.h; sourceTree = "<group>"; };
		64AD993C1DCBD69B00D07731 /* libncurses.tbd */ = {isa = PBXFileReference; lastKnownFileType = "sourcecode.text-based-dylib-definition"; name = libncurses.tbd; path = usr/lib/libncurses.tbd; sourceTree = SDKROOT; };
/* End PBXFileReference section */

/* Begin PBXFrameworksBuildPhase section */
		64AD99161DCBC19A00D07731 /* Frameworks */ = {
			isa = PBXFrameworksBuildPhase;
			buildActionMask = 2147483647;
			files = (
				643AD8851DDD39AC0066F9D7 /* Cocoa.framework in Frameworks */,
				64AD993D1DCBD69B00D07731 /* libncurses.tbd in Frameworks */,
			);
			runOnlyForDeploymentPostprocessing = 0;
		};
/* End PBXFrameworksBuildPhase section */

/* Begin PBXGroup section */
		642D56C91F705F0100FC42E5 /* wrestd */ = {
			isa = PBXGroup;
			children = (
				642D56CA1F705F0100FC42E5 /* .gitignore */,
				642D56CB1F705F0100FC42E5 /* LICENSE */,
				642D56CC1F705F0100FC42E5 /* README.md */,
				642D56CD1F705F0100FC42E5 /* src */,
			);
			path = wrestd;
			sourceTree = "<group>";
		};
		642D56CD1F705F0100FC42E5 /* src */ = {
			isa = PBXGroup;
			children = (
				642D56CE1F705F0100FC42E5 /* io.cpp */,
				642D56CF1F705F0100FC42E5 /* strings.cpp */,
				642D56D01F705F0100FC42E5 /* wrestd.h */,
			);
			path = src;
			sourceTree = "<group>";
		};
		64AD99101DCBC19A00D07731 = {
			isa = PBXGroup;
			children = (
				64AD99261DCBC20A00D07731 /* src */,
				642D56C91F705F0100FC42E5 /* wrestd */,
				64AD993A1DCBC37200D07731 /* Paperwork */,
				64AD991A1DCBC19A00D07731 /* Products */,
				64AD993B1DCBD69B00D07731 /* Frameworks */,
			);
			sourceTree = "<group>";
		};
		64AD991A1DCBC19A00D07731 /* Products */ = {
			isa = PBXGroup;
			children = (
				64AD99191DCBC19A00D07731 /* itti */,
			);
			name = Products;
			sourceTree = "<group>";
		};
		64AD99261DCBC20A00D07731 /* src */ = {
			isa = PBXGroup;
			children = (
				64AD99271DCBC20A00D07731 /* itunescommands.h */,
				64AD99281DCBC20A00D07731 /* main.cpp */,
				64AD99291DCBC20A00D07731 /* readprocess.cpp */,
				64AD992A1DCBC20A00D07731 /* readprocess.h */,
			);
			path = src;
			sourceTree = "<group>";
		};
		64AD993A1DCBC37200D07731 /* Paperwork */ = {
			isa = PBXGroup;
			children = (
				64AD99231DCBC20A00D07731 /* LICENSE */,
				64AD99251DCBC20A00D07731 /* README.md */,
				6409FF241DCBD77500C71BB5 /* .gitignore */,
			);
			name = Paperwork;
			sourceTree = "<group>";
		};
		64AD993B1DCBD69B00D07731 /* Frameworks */ = {
			isa = PBXGroup;
			children = (
				643AD8841DDD39AC0066F9D7 /* Cocoa.framework */,
				64AD993C1DCBD69B00D07731 /* libncurses.tbd */,
			);
			name = Frameworks;
			sourceTree = "<group>";
		};
/* End PBXGroup section */

/* Begin PBXNativeTarget section */
		64AD99181DCBC19A00D07731 /* itti */ = {
			isa = PBXNativeTarget;
			buildConfigurationList = 64AD99201DCBC19A00D07731 /* Build configuration list for PBXNativeTarget "itti" */;
			buildPhases = (
				64AD99151DCBC19A00D07731 /* Sources */,
				64AD99161DCBC19A00D07731 /* Frameworks */,
				64AD99171DCBC19A00D07731 /* CopyFiles */,
			);
			buildRules = (
			);
			dependencies = (
			);
			name = itti;
			productName = itti;
			productReference = 64AD99191DCBC19A00D07731 /* itti */;
			productType = "com.apple.product-type.tool";
		};
/* End PBXNativeTarget section */

/* Begin PBXProject section */
		64AD99111DCBC19A00D07731 /* Project object */ = {
			isa = PBXProject;
			attributes = {
				LastUpgradeCheck = 0810;
				ORGANIZATIONNAME = "Will Eccles";
				TargetAttributes = {
					64AD99181DCBC19A00D07731 = {
						CreatedOnToolsVersion = 8.1;
						DevelopmentTeam = 7424Q9876J;
						ProvisioningStyle = Automatic;
					};
				};
			};
			buildConfigurationList = 64AD99141DCBC19A00D07731 /* Build configuration list for PBXProject "itti" */;
			compatibilityVersion = "Xcode 3.2";
			developmentRegion = English;
			hasScannedForEncodings = 0;
			knownRegions = (
				en,
			);
			mainGroup = 64AD99101DCBC19A00D07731;
			productRefGroup = 64AD991A1DCBC19A00D07731 /* Products */;
			projectDirPath = "";
			projectRoot = "";
			targets = (
				64AD99181DCBC19A00D07731 /* itti */,
			);
		};
/* End PBXProject section */

/* Begin PBXSourcesBuildPhase section */
		64AD99151DCBC19A00D07731 /* Sources */ = {
			isa = PBXSourcesBuildPhase;
			buildActionMask = 2147483647;
			files = (
				642D56D11F705F0100FC42E5 /* README.md in Sources */,
				64AD99351DCBC20A00D07731 /* main.cpp in Sources */,
				64AD99361DCBC20A00D07731 /* readprocess.cpp in Sources */,
				642D56D21F705F0100FC42E5 /* io.cpp in Sources */,
				642D56D31F705F0100FC42E5 /* strings.cpp in Sources */,
			);
			runOnlyForDeploymentPostprocessing = 0;
		};
/* End PBXSourcesBuildPhase section */

/* Begin XCBuildConfiguration section */
		64AD991E1DCBC19A00D07731 /* Debug */ = {
			isa = XCBuildConfiguration;
			buildSettings = {
				ALWAYS_SEARCH_USER_PATHS = NO;
				CLANG_ANALYZER_NONNULL = YES;
				CLANG_CXX_LANGUAGE_STANDARD = "c++14";
				CLANG_CXX_LIBRARY = "libstdc++";
				CLANG_ENABLE_MODULES = YES;
				CLANG_ENABLE_OBJC_ARC = YES;
				CLANG_WARN_BOOL_CONVERSION = YES;
				CLANG_WARN_CONSTANT_CONVERSION = YES;
				CLANG_WARN_DIRECT_OBJC_ISA_USAGE = YES_ERROR;
				CLANG_WARN_DOCUMENTATION_COMMENTS = YES;
				CLANG_WARN_EMPTY_BODY = YES;
				CLANG_WARN_ENUM_CONVERSION = YES;
				CLANG_WARN_INFINITE_RECURSION = YES;
				CLANG_WARN_INT_CONVERSION = YES;
				CLANG_WARN_OBJC_ROOT_CLASS = YES_ERROR;
				CLANG_WARN_SUSPICIOUS_MOVES = YES;
				CLANG_WARN_UNREACHABLE_CODE = YES;
				CLANG_WARN__DUPLICATE_METHOD_MATCH = YES;
				CODE_SIGN_IDENTITY = "-";
				COPY_PHASE_STRIP = NO;
				DEBUG_INFORMATION_FORMAT = dwarf;
				ENABLE_STRICT_OBJC_MSGSEND = YES;
				ENABLE_TESTABILITY = YES;
				GCC_C_LANGUAGE_STANDARD = gnu99;
				GCC_DYNAMIC_NO_PIC = NO;
				GCC_NO_COMMON_BLOCKS = YES;
				GCC_OPTIMIZATION_LEVEL = 0;
				GCC_PREPROCESSOR_DEFINITIONS = (
					"DEBUG=1",
					"$(inherited)",
				);
				GCC_WARN_64_TO_32_BIT_CONVERSION = YES;
				GCC_WARN_ABOUT_RETURN_TYPE = YES_ERROR;
				GCC_WARN_UNDECLARED_SELECTOR = YES;
				GCC_WARN_UNINITIALIZED_AUTOS = YES_AGGRESSIVE;
				GCC_WARN_UNUSED_FUNCTION = YES;
				GCC_WARN_UNUSED_VARIABLE = YES;
				MACOSX_DEPLOYMENT_TARGET = 10.12;
				MTL_ENABLE_DEBUG_INFO = YES;
				ONLY_ACTIVE_ARCH = YES;
				SDKROOT = macosx;
			};
			name = Debug;
		};
		64AD991F1DCBC19A00D07731 /* Release */ = {
			isa = XCBuildConfiguration;
			buildSettings = {
				ALWAYS_SEARCH_USER_PATHS = NO;
				CLANG_ANALYZER_NONNULL = YES;
				CLANG_CXX_LANGUAGE_STANDARD = "c++14";
				CLANG_CXX_LIBRARY = "libstdc++";
				CLANG_ENABLE_MODULES = YES;
				CLANG_ENABLE_OBJC_ARC = YES;
				CLANG_WARN_BOOL_CONVERSION = YES;
				CLANG_WARN_CONSTANT_CONVERSION = YES;
				CLANG_WARN_DIRECT_OBJC_ISA_USAGE = YES_ERROR;
				CLANG_WARN_DOCUMENTATION_COMMENTS = YES;
				CLANG_WARN_EMPTY_BODY = YES;
				CLANG_WARN_ENUM_CONVERSION = YES;
				CLANG_WARN_INFINITE_RECURSION = YES;
				CLANG_WARN_INT_CONVERSION = YES;
				CLANG_WARN_OBJC_ROOT_CLASS = YES_ERROR;
				CLANG_WARN_SUSPICIOUS_MOVES = YES;
				CLANG_WARN_UNREACHABLE_CODE = YES;
				CLANG_WARN__DUPLICATE_METHOD_MATCH = YES;
				CODE_SIGN_IDENTITY = "-";
				COPY_PHASE_STRIP = NO;
				DEBUG_INFORMATION_FORMAT = "dwarf-with-dsym";
				ENABLE_NS_ASSERTIONS = NO;
				ENABLE_STRICT_OBJC_MSGSEND = YES;
				GCC_C_LANGUAGE_STANDARD = gnu99;
				GCC_NO_COMMON_BLOCKS = YES;
				GCC_WARN_64_TO_32_BIT_CONVERSION = YES;
				GCC_WARN_ABOUT_RETURN_TYPE = YES_ERROR;
				GCC_WARN_UNDECLARED_SELECTOR = YES;
				GCC_WARN_UNINITIALIZED_AUTOS = YES_AGGRESSIVE;
				GCC_WARN_UNUSED_FUNCTION = YES;
				GCC_WARN_UNUSED_VARIABLE = YES;
				MACOSX_DEPLOYMENT_TARGET = 10.12;
				MTL_ENABLE_DEBUG_INFO = NO;
				SDKROOT = macosx;
			};
			name = Release;
		};
		64AD99211DCBC19A00D07731 /* Debug */ = {
			isa = XCBuildConfiguration;
			buildSettings = {
				CLANG_CXX_LANGUAGE_STANDARD = "c++14";
				CLANG_CXX_LIBRARY = "libc++";
				DEVELOPMENT_TEAM = 7424Q9876J;
				HEADER_SEARCH_PATHS = /usr/local/include;
				LIBRARY_SEARCH_PATHS = /usr/local/lib;
				PRODUCT_NAME = "$(TARGET_NAME)";
			};
			name = Debug;
		};
		64AD99221DCBC19A00D07731 /* Release */ = {
			isa = XCBuildConfiguration;
			buildSettings = {
				CLANG_CXX_LANGUAGE_STANDARD = "c++14";
				CLANG_CXX_LIBRARY = "libc++";
				DEVELOPMENT_TEAM = 7424Q9876J;
				HEADER_SEARCH_PATHS = /usr/local/include;
				LIBRARY_SEARCH_PATHS = /usr/local/lib;
				PRODUCT_NAME = "$(TARGET_NAME)";
			};
			name = Release;
		};
/* End XCBuildConfiguration section */

/* Begin XCConfigurationList section */
		64AD99141DCBC19A00D07731 /* Build configuration list for PBXProject "itti" */ = {
			isa = XCConfigurationList;
			buildConfigurations = (
				64AD991E1DCBC19A00D07731 /* Debug */,
				64AD991F1DCBC19A00D07731 /* Release */,
			);
			defaultConfigurationIsVisible = 0;
			defaultConfigurationName = Release;
		};
		64AD99201DCBC19A00D07731 /* Build configuration list for PBXNativeTarget "itti" */ = {
			isa = XCConfigurationList;
			buildConfigurations = (
				64AD99211DCBC19A00D07731 /* Debug */,
				64AD99221DCBC19A00D07731 /* Release */,
			);
			defaultConfigurationIsVisible = 0;
			defaultConfigurationName = Release;
		};
/* End XCConfigurationList section */
	};
	rootObject = 64AD99111DCBC19A00D07731 /* Project object */;
}
